
Microsoft Visual Studio Solution File, Format Version 12.00
# Visual Studio 15
VisualStudioVersion = 15.0.27428.2015
MinimumVisualStudioVersion = 10.0.40219.1
Project("{9A19103F-16F7-4668-BE54-9A1E7A4F7556}") = "ProcessHelper", "ProcessHelper\ProcessHelper.csproj", "{037541C3-A064-4749-A722-7C0E50839309}"
EndProject
Project("{FAE04EC0-301F-11D3-BF4B-00C04F79EFBC}") = "SlowProcess", "SlowProcess\SlowProcess.csproj", "{6D477E37-BC7F-4BB2-B279-FA0D5E51C060}"
EndProject
Global
	GlobalSection(SolutionConfigurationPlatforms) = preSolution
		Debug|Any CPU = Debug|Any CPU
		Release|Any CPU = Release|Any CPU
	EndGlobalSection
	GlobalSection(ProjectConfigurationPlatforms) = postSolution
		{037541C3-A064-4749-A722-7C0E50839309}.Debug|Any CPU.ActiveCfg = Debug|Any CPU
		{037541C3-A064-4749-A722-7C0E50839309}.Debug|Any CPU.Build.0 = Debug|Any CPU
		{037541C3-A064-4749-A722-7C0E50839309}.Release|Any CPU.ActiveCfg = Release|Any CPU
		{037541C3-A064-4749-A722-7C0E50839309}.Release|Any CPU.Build.0 = Release|Any CPU
		{6D477E37-BC7F-4BB2-B279-FA0D5E51C060}.Debug|Any CPU.ActiveCfg = Debug|Any CPU
		{6D477E37-BC7F-4BB2-B279-FA0D5E51C060}.Debug|Any CPU.Build.0 = Debug|Any CPU
		{6D477E37-BC7F-4BB2-B279-FA0D5E51C060}.Release|Any CPU.ActiveCfg = Release|Any CPU
		{6D477E37-BC7F-4BB2-B279-FA0D5E51C060}.Release|Any CPU.Build.0 = Release|Any CPU
	EndGlobalSection
	GlobalSection(SolutionProperties) = preSolution
		HideSolutionNode = FALSE
	EndGlobalSection
	GlobalSection(ExtensibilityGlobals) = postSolution
		SolutionGuid = {7F26C764-DE4F-4277-A341-FD1D90B74E01}
	EndGlobalSection
EndGlobal
